# This file is autogenerated, do not edit; changes may be undone by the next 'dep ensure'.


[[projects]]
  branch = "master"
  name = "github.com/najeira/ltsv"
  packages = ["."]
  revision = "40eb84a5b5d21afa8f26f357445d910c62011166"

[[projects]]
  branch = "master"
  name = "golang.org/x/crypto"
  packages = ["ssh/terminal"]
  revision = "dab2b1051b5dd33a57e97c4774ed152e6a6c9a13"

[[projects]]
  branch = "master"
  name = "golang.org/x/sys"
  packages = ["unix","windows"]
  revision = "95b1ffbd15a57cc5abb3f04402b9e8ec0016a52c"

[solve-meta]
  analyzer-name = "dep"
  analyzer-version = 1
  inputs-digest = "900db0b95f6a72216f569a5deeb51b28086e59badac022e0ee88dc9caea67a66"
  solver-name = "gps-cdcl"
  solver-version = 1
